{
  "name": "typescript-esm-example",
  "version": "1.0.0",
  "lockfileVersion": 2,
  "requires": true,
  "packages": {
    "": {
      "name": "typescript-esm-example",
      "version": "1.0.0",
      "license": "MIT",
      "dependencies": {
        "moment": "^2.29.1",
        "ps-list": "~8.1.0"
      },
      "devDependencies": {
        "@types/node": "^16.4.9",
        "typescript": "^4.3.5"
      },
      "engines": {
        "node": "^14.17.4"
      }
    },
    "node_modules/@types/node": {
      "version": "16.4.9",
      "resolved": "https://registry.npmjs.org/@types/node/-/node-16.4.9.tgz",
      "integrity": "sha512-HXhRf581nCItzn8yevv4LYt+bJ5cBbDBAJExbDPMeU/2n5/j0ZemGpayahFBP4xL7RseaCLASLD9i9AYyDe7Nw==",
      "dev": true
    },
    "node_modules/moment": {
      "version": "2.29.1",
      "resolved": "https://registry.npmjs.org/moment/-/moment-2.29.1.tgz",
      "integrity": "sha512-kHmoybcPV8Sqy59DwNDY3Jefr64lK/by/da0ViFcuA4DH0vQg5Q6Ze5VimxkfQNSC+Mls/Kx53s7TjP1RhFEDQ==",
      "engines": {
        "node": "*"
      }
    },
    "node_modules/ps-list": {
      "version": "8.1.0",
      "resolved": "https://registry.npmjs.org/ps-list/-/ps-list-8.1.0.tgz",
      "integrity": "sha512-NoGBqJe7Ou3kfQxEvDzDyKGAyEgwIuD3YrfXinjcCmBRv0hTld0Xb71hrXvtsNPj7HSFATfemvzB8PPJtq6Yag==",
      "engines": {
        "node": "^12.20.0 || ^14.13.1 || >=16.0.0"
      },
      "funding": {
        "url": "https://github.com/sponsors/sindresorhus"
      }
    },
    "node_modules/typescript": {
      "version": "4.3.5",
      "resolved": "https://registry.npmjs.org/typescript/-/typescript-4.3.5.tgz",
      "integrity": "sha512-DqQgihaQ9cUrskJo9kIyW/+g0Vxsk8cDtZ52a3NGh0YNTfpUSArXSohyUGnvbPazEPLu398C0UxmKSOrPumUzA==",
      "dev": true,
      "bin": {
        "tsc": "bin/tsc",
        "tsserver": "bin/tsserver"
      },
      "engines": {
        "node": ">=4.2.0"
      }
    }
  },
  "dependencies": {
    "@types/node": {
      "version": "16.4.9",
      "resolved": "https://registry.npmjs.org/@types/node/-/node-16.4.9.tgz",
      "integrity": "sha512-HXhRf581nCItzn8yevv4LYt+bJ5cBbDBAJExbDPMeU/2n5/j0ZemGpayahFBP4xL7RseaCLASLD9i9AYyDe7Nw==",
      "dev": true
    },
    "moment": {
      "version": "2.29.1",
      "resolved": "https://registry.npmjs.org/moment/-/moment-2.29.1.tgz",
      "integrity": "sha512-kHmoybcPV8Sqy59DwNDY3Jefr64lK/by/da0ViFcuA4DH0vQg5Q6Ze5VimxkfQNSC+Mls/Kx53s7TjP1RhFEDQ=="
    },
    "ps-list": {
      "version": "8.1.0",
      "resolved": "https://registry.npmjs.org/ps-list/-/ps-list-8.1.0.tgz",
      "integrity": "sha512-NoGBqJe7Ou3kfQxEvDzDyKGAyEgwIuD3YrfXinjcCmBRv0hTld0Xb71hrXvtsNPj7HSFATfemvzB8PPJtq6Yag=="
    },
    "typescript": {
      "version": "4.3.5",
      "resolved": "https://registry.npmjs.org/typescript/-/typescript-4.3.5.tgz",
      "integrity": "sha512-DqQgihaQ9cUrskJo9kIyW/+g0Vxsk8cDtZ52a3NGh0YNTfpUSArXSohyUGnvbPazEPLu398C0UxmKSOrPumUzA==",
      "dev": true
    }
  }
}
